
Microsoft Visual Studio Solution File, Format Version 12.00
# Visual Studio Version 17
VisualStudioVersion = 17.13.35913.81 d17.13
MinimumVisualStudioVersion = 10.0.40219.1
Project("{FAE04EC0-301F-11D3-BF4B-00C04F79EFBC}") = "Catalog.API", "Catalog.API\Catalog.API.csproj", "{B6E99B50-0C70-B7A5-F688-5A07EA01B092}"
EndProject
Project("{FAE04EC0-301F-11D3-BF4B-00C04F79EFBC}") = "Catalog.Application", "Catalog.Application\Catalog.Application.csproj", "{99F594A9-8458-ACA8-FAAC-F7D6231CA346}"
EndProject
Project("{FAE04EC0-301F-11D3-BF4B-00C04F79EFBC}") = "Catalog.Core", "Catalog.Core\Catalog.Core.csproj", "{FC58EA57-6830-630D-DE5A-DBD8A3D7560E}"
EndProject
Project("{FAE04EC0-301F-11D3-BF4B-00C04F79EFBC}") = "Catalog.Infrastructure", "Catalog.Infrastructure\Catalog.Infrastructure.csproj", "{729F9899-D445-101B-3935-4218FF5218A6}"
EndProject
Global
	GlobalSection(SolutionConfigurationPlatforms) = preSolution
		Debug|Any CPU = Debug|Any CPU
		Release|Any CPU = Release|Any CPU
	EndGlobalSection
	GlobalSection(ProjectConfigurationPlatforms) = postSolution
		{B6E99B50-0C70-B7A5-F688-5A07EA01B092}.Debug|Any CPU.ActiveCfg = Debug|Any CPU
		{B6E99B50-0C70-B7A5-F688-5A07EA01B092}.Debug|Any CPU.Build.0 = Debug|Any CPU
		{B6E99B50-0C70-B7A5-F688-5A07EA01B092}.Release|Any CPU.ActiveCfg = Release|Any CPU
		{B6E99B50-0C70-B7A5-F688-5A07EA01B092}.Release|Any CPU.Build.0 = Release|Any CPU
		{99F594A9-8458-ACA8-FAAC-F7D6231CA346}.Debug|Any CPU.ActiveCfg = Debug|Any CPU
		{99F594A9-8458-ACA8-FAAC-F7D6231CA346}.Debug|Any CPU.Build.0 = Debug|Any CPU
		{99F594A9-8458-ACA8-FAAC-F7D6231CA346}.Release|Any CPU.ActiveCfg = Release|Any CPU
		{99F594A9-8458-ACA8-FAAC-F7D6231CA346}.Release|Any CPU.Build.0 = Release|Any CPU
		{FC58EA57-6830-630D-DE5A-DBD8A3D7560E}.Debug|Any CPU.ActiveCfg = Debug|Any CPU
		{FC58EA57-6830-630D-DE5A-DBD8A3D7560E}.Debug|Any CPU.Build.0 = Debug|Any CPU
		{FC58EA57-6830-630D-DE5A-DBD8A3D7560E}.Release|Any CPU.ActiveCfg = Release|Any CPU
		{FC58EA57-6830-630D-DE5A-DBD8A3D7560E}.Release|Any CPU.Build.0 = Release|Any CPU
		{729F9899-D445-101B-3935-4218FF5218A6}.Debug|Any CPU.ActiveCfg = Debug|Any CPU
		{729F9899-D445-101B-3935-4218FF5218A6}.Debug|Any CPU.Build.0 = Debug|Any CPU
		{729F9899-D445-101B-3935-4218FF5218A6}.Release|Any CPU.ActiveCfg = Release|Any CPU
		{729F9899-D445-101B-3935-4218FF5218A6}.Release|Any CPU.Build.0 = Release|Any CPU
	EndGlobalSection
	GlobalSection(SolutionProperties) = preSolution
		HideSolutionNode = FALSE
	EndGlobalSection
	GlobalSection(ExtensibilityGlobals) = postSolution
		SolutionGuid = {C6CEEE28-D567-4185-9EE9-66C4BF2DC1DC}
	EndGlobalSection
EndGlobal
