
Microsoft Visual Studio Solution File, Format Version 12.00
# Visual Studio Version 17
VisualStudioVersion = 17.13.35913.81 d17.13
MinimumVisualStudioVersion = 10.0.40219.1
Project("{FAE04EC0-301F-11D3-BF4B-00C04F79EFBC}") = "Basket.API", "Basket.API\Basket.API.csproj", "{9F638CDC-E6D5-4664-83BD-5794FA1FEA10}"
EndProject
Project("{FAE04EC0-301F-11D3-BF4B-00C04F79EFBC}") = "Basket.Core", "Basket.Core\Basket.Core.csproj", "{214D23AF-E5FA-47C9-93B2-6D21776725BC}"
EndProject
Project("{FAE04EC0-301F-11D3-BF4B-00C04F79EFBC}") = "Basket.Application", "Basket.Application\Basket.Application.csproj", "{645B4B4A-6D94-4369-8178-1219B5C8517E}"
EndProject
Project("{FAE04EC0-301F-11D3-BF4B-00C04F79EFBC}") = "Basket.Infrastructure", "Basket.Infrastructure\Basket.Infrastructure.csproj", "{14502C74-2F70-4421-B624-205D0D803701}"
EndProject
Global
	GlobalSection(SolutionConfigurationPlatforms) = preSolution
		Debug|Any CPU = Debug|Any CPU
		Release|Any CPU = Release|Any CPU
	EndGlobalSection
	GlobalSection(ProjectConfigurationPlatforms) = postSolution
		{9F638CDC-E6D5-4664-83BD-5794FA1FEA10}.Debug|Any CPU.ActiveCfg = Debug|Any CPU
		{9F638CDC-E6D5-4664-83BD-5794FA1FEA10}.Debug|Any CPU.Build.0 = Debug|Any CPU
		{9F638CDC-E6D5-4664-83BD-5794FA1FEA10}.Release|Any CPU.ActiveCfg = Release|Any CPU
		{9F638CDC-E6D5-4664-83BD-5794FA1FEA10}.Release|Any CPU.Build.0 = Release|Any CPU
		{214D23AF-E5FA-47C9-93B2-6D21776725BC}.Debug|Any CPU.ActiveCfg = Debug|Any CPU
		{214D23AF-E5FA-47C9-93B2-6D21776725BC}.Debug|Any CPU.Build.0 = Debug|Any CPU
		{214D23AF-E5FA-47C9-93B2-6D21776725BC}.Release|Any CPU.ActiveCfg = Release|Any CPU
		{214D23AF-E5FA-47C9-93B2-6D21776725BC}.Release|Any CPU.Build.0 = Release|Any CPU
		{645B4B4A-6D94-4369-8178-1219B5C8517E}.Debug|Any CPU.ActiveCfg = Debug|Any CPU
		{645B4B4A-6D94-4369-8178-1219B5C8517E}.Debug|Any CPU.Build.0 = Debug|Any CPU
		{645B4B4A-6D94-4369-8178-1219B5C8517E}.Release|Any CPU.ActiveCfg = Release|Any CPU
		{645B4B4A-6D94-4369-8178-1219B5C8517E}.Release|Any CPU.Build.0 = Release|Any CPU
		{14502C74-2F70-4421-B624-205D0D803701}.Debug|Any CPU.ActiveCfg = Debug|Any CPU
		{14502C74-2F70-4421-B624-205D0D803701}.Debug|Any CPU.Build.0 = Debug|Any CPU
		{14502C74-2F70-4421-B624-205D0D803701}.Release|Any CPU.ActiveCfg = Release|Any CPU
		{14502C74-2F70-4421-B624-205D0D803701}.Release|Any CPU.Build.0 = Release|Any CPU
	EndGlobalSection
	GlobalSection(SolutionProperties) = preSolution
		HideSolutionNode = FALSE
	EndGlobalSection
	GlobalSection(ExtensibilityGlobals) = postSolution
		SolutionGuid = {C4211446-79DD-4F57-98C2-DF1591504049}
	EndGlobalSection
EndGlobal
