
Microsoft Visual Studio Solution File, Format Version 12.00
# Visual Studio Version 17
VisualStudioVersion = 17.13.35913.81
MinimumVisualStudioVersion = 10.0.40219.1
Project("{FAE04EC0-301F-11D3-BF4B-00C04F79EFBC}") = "Basket.API", "Basket.API\Basket.API.csproj", "{9F638CDC-E6D5-4664-83BD-5794FA1FEA10}"
EndProject
Project("{FAE04EC0-301F-11D3-BF4B-00C04F79EFBC}") = "Basket.Core", "Basket.Core\Basket.Core.csproj", "{214D23AF-E5FA-47C9-93B2-6D21776725BC}"
EndProject
Project("{FAE04EC0-301F-11D3-BF4B-00C04F79EFBC}") = "Basket.Application", "Basket.Application\Basket.Application.csproj", "{645B4B4A-6D94-4369-8178-1219B5C8517E}"
EndProject
Project("{FAE04EC0-301F-11D3-BF4B-00C04F79EFBC}") = "Basket.Infrastructure", "Basket.Infrastructure\Basket.Infrastructure.csproj", "{14502C74-2F70-4421-B624-205D0D803701}"
EndProject
Project("{FAE04EC0-301F-11D3-BF4B-00C04F79EFBC}") = "Eventbus.Messages", "Core\Eventbus.Messages\Eventbus.Messages.csproj", "{87EFE04C-916F-EB28-8B3C-62BC71CCE34D}"
EndProject
Project("{FAE04EC0-301F-11D3-BF4B-00C04F79EFBC}") = "EShop.Logging", "Core\EShop.Logging\EShop.Logging.csproj", "{31E48393-7611-31E4-D2FC-440B38376510}"
EndProject
Project("{FAE04EC0-301F-11D3-BF4B-00C04F79EFBC}") = "Ocelot.ApiGateway", "Core\ApiGateways\Ocelot.ApiGateway\Ocelot.ApiGateway.csproj", "{78CE5085-8F50-4E49-9221-703B1DD96613}"
EndProject
Project("{FAE04EC0-301F-11D3-BF4B-00C04F79EFBC}") = "Basket.Tests", "Basket.Tests\Basket.Tests.csproj", "{A46F9AF7-C7FD-4F4D-BCA0-F95B206F0780}"
EndProject
Global
	GlobalSection(SolutionConfigurationPlatforms) = preSolution
		Debug|Any CPU = Debug|Any CPU
		Debug|x64 = Debug|x64
		Debug|x86 = Debug|x86
		Release|Any CPU = Release|Any CPU
		Release|x64 = Release|x64
		Release|x86 = Release|x86
	EndGlobalSection
	GlobalSection(ProjectConfigurationPlatforms) = postSolution
		{9F638CDC-E6D5-4664-83BD-5794FA1FEA10}.Debug|Any CPU.ActiveCfg = Debug|Any CPU
		{9F638CDC-E6D5-4664-83BD-5794FA1FEA10}.Debug|Any CPU.Build.0 = Debug|Any CPU
		{9F638CDC-E6D5-4664-83BD-5794FA1FEA10}.Debug|x64.ActiveCfg = Debug|Any CPU
		{9F638CDC-E6D5-4664-83BD-5794FA1FEA10}.Debug|x64.Build.0 = Debug|Any CPU
		{9F638CDC-E6D5-4664-83BD-5794FA1FEA10}.Debug|x86.ActiveCfg = Debug|Any CPU
		{9F638CDC-E6D5-4664-83BD-5794FA1FEA10}.Debug|x86.Build.0 = Debug|Any CPU
		{9F638CDC-E6D5-4664-83BD-5794FA1FEA10}.Release|Any CPU.ActiveCfg = Release|Any CPU
		{9F638CDC-E6D5-4664-83BD-5794FA1FEA10}.Release|Any CPU.Build.0 = Release|Any CPU
		{9F638CDC-E6D5-4664-83BD-5794FA1FEA10}.Release|x64.ActiveCfg = Release|Any CPU
		{9F638CDC-E6D5-4664-83BD-5794FA1FEA10}.Release|x64.Build.0 = Release|Any CPU
		{9F638CDC-E6D5-4664-83BD-5794FA1FEA10}.Release|x86.ActiveCfg = Release|Any CPU
		{9F638CDC-E6D5-4664-83BD-5794FA1FEA10}.Release|x86.Build.0 = Release|Any CPU
		{214D23AF-E5FA-47C9-93B2-6D21776725BC}.Debug|Any CPU.ActiveCfg = Debug|Any CPU
		{214D23AF-E5FA-47C9-93B2-6D21776725BC}.Debug|Any CPU.Build.0 = Debug|Any CPU
		{214D23AF-E5FA-47C9-93B2-6D21776725BC}.Debug|x64.ActiveCfg = Debug|Any CPU
		{214D23AF-E5FA-47C9-93B2-6D21776725BC}.Debug|x64.Build.0 = Debug|Any CPU
		{214D23AF-E5FA-47C9-93B2-6D21776725BC}.Debug|x86.ActiveCfg = Debug|Any CPU
		{214D23AF-E5FA-47C9-93B2-6D21776725BC}.Debug|x86.Build.0 = Debug|Any CPU
		{214D23AF-E5FA-47C9-93B2-6D21776725BC}.Release|Any CPU.ActiveCfg = Release|Any CPU
		{214D23AF-E5FA-47C9-93B2-6D21776725BC}.Release|Any CPU.Build.0 = Release|Any CPU
		{214D23AF-E5FA-47C9-93B2-6D21776725BC}.Release|x64.ActiveCfg = Release|Any CPU
		{214D23AF-E5FA-47C9-93B2-6D21776725BC}.Release|x64.Build.0 = Release|Any CPU
		{214D23AF-E5FA-47C9-93B2-6D21776725BC}.Release|x86.ActiveCfg = Release|Any CPU
		{214D23AF-E5FA-47C9-93B2-6D21776725BC}.Release|x86.Build.0 = Release|Any CPU
		{645B4B4A-6D94-4369-8178-1219B5C8517E}.Debug|Any CPU.ActiveCfg = Debug|Any CPU
		{645B4B4A-6D94-4369-8178-1219B5C8517E}.Debug|Any CPU.Build.0 = Debug|Any CPU
		{645B4B4A-6D94-4369-8178-1219B5C8517E}.Debug|x64.ActiveCfg = Debug|Any CPU
		{645B4B4A-6D94-4369-8178-1219B5C8517E}.Debug|x64.Build.0 = Debug|Any CPU
		{645B4B4A-6D94-4369-8178-1219B5C8517E}.Debug|x86.ActiveCfg = Debug|Any CPU
		{645B4B4A-6D94-4369-8178-1219B5C8517E}.Debug|x86.Build.0 = Debug|Any CPU
		{645B4B4A-6D94-4369-8178-1219B5C8517E}.Release|Any CPU.ActiveCfg = Release|Any CPU
		{645B4B4A-6D94-4369-8178-1219B5C8517E}.Release|Any CPU.Build.0 = Release|Any CPU
		{645B4B4A-6D94-4369-8178-1219B5C8517E}.Release|x64.ActiveCfg = Release|Any CPU
		{645B4B4A-6D94-4369-8178-1219B5C8517E}.Release|x64.Build.0 = Release|Any CPU
		{645B4B4A-6D94-4369-8178-1219B5C8517E}.Release|x86.ActiveCfg = Release|Any CPU
		{645B4B4A-6D94-4369-8178-1219B5C8517E}.Release|x86.Build.0 = Release|Any CPU
		{14502C74-2F70-4421-B624-205D0D803701}.Debug|Any CPU.ActiveCfg = Debug|Any CPU
		{14502C74-2F70-4421-B624-205D0D803701}.Debug|Any CPU.Build.0 = Debug|Any CPU
		{14502C74-2F70-4421-B624-205D0D803701}.Debug|x64.ActiveCfg = Debug|Any CPU
		{14502C74-2F70-4421-B624-205D0D803701}.Debug|x64.Build.0 = Debug|Any CPU
		{14502C74-2F70-4421-B624-205D0D803701}.Debug|x86.ActiveCfg = Debug|Any CPU
		{14502C74-2F70-4421-B624-205D0D803701}.Debug|x86.Build.0 = Debug|Any CPU
		{14502C74-2F70-4421-B624-205D0D803701}.Release|Any CPU.ActiveCfg = Release|Any CPU
		{14502C74-2F70-4421-B624-205D0D803701}.Release|Any CPU.Build.0 = Release|Any CPU
		{14502C74-2F70-4421-B624-205D0D803701}.Release|x64.ActiveCfg = Release|Any CPU
		{14502C74-2F70-4421-B624-205D0D803701}.Release|x64.Build.0 = Release|Any CPU
		{14502C74-2F70-4421-B624-205D0D803701}.Release|x86.ActiveCfg = Release|Any CPU
		{14502C74-2F70-4421-B624-205D0D803701}.Release|x86.Build.0 = Release|Any CPU
		{87EFE04C-916F-EB28-8B3C-62BC71CCE34D}.Debug|Any CPU.ActiveCfg = Debug|Any CPU
		{87EFE04C-916F-EB28-8B3C-62BC71CCE34D}.Debug|Any CPU.Build.0 = Debug|Any CPU
		{87EFE04C-916F-EB28-8B3C-62BC71CCE34D}.Debug|x64.ActiveCfg = Debug|Any CPU
		{87EFE04C-916F-EB28-8B3C-62BC71CCE34D}.Debug|x64.Build.0 = Debug|Any CPU
		{87EFE04C-916F-EB28-8B3C-62BC71CCE34D}.Debug|x86.ActiveCfg = Debug|Any CPU
		{87EFE04C-916F-EB28-8B3C-62BC71CCE34D}.Debug|x86.Build.0 = Debug|Any CPU
		{87EFE04C-916F-EB28-8B3C-62BC71CCE34D}.Release|Any CPU.ActiveCfg = Release|Any CPU
		{87EFE04C-916F-EB28-8B3C-62BC71CCE34D}.Release|Any CPU.Build.0 = Release|Any CPU
		{87EFE04C-916F-EB28-8B3C-62BC71CCE34D}.Release|x64.ActiveCfg = Release|Any CPU
		{87EFE04C-916F-EB28-8B3C-62BC71CCE34D}.Release|x64.Build.0 = Release|Any CPU
		{87EFE04C-916F-EB28-8B3C-62BC71CCE34D}.Release|x86.ActiveCfg = Release|Any CPU
		{87EFE04C-916F-EB28-8B3C-62BC71CCE34D}.Release|x86.Build.0 = Release|Any CPU
		{31E48393-7611-31E4-D2FC-440B38376510}.Debug|Any CPU.ActiveCfg = Debug|Any CPU
		{31E48393-7611-31E4-D2FC-440B38376510}.Debug|Any CPU.Build.0 = Debug|Any CPU
		{31E48393-7611-31E4-D2FC-440B38376510}.Debug|x64.ActiveCfg = Debug|Any CPU
		{31E48393-7611-31E4-D2FC-440B38376510}.Debug|x64.Build.0 = Debug|Any CPU
		{31E48393-7611-31E4-D2FC-440B38376510}.Debug|x86.ActiveCfg = Debug|Any CPU
		{31E48393-7611-31E4-D2FC-440B38376510}.Debug|x86.Build.0 = Debug|Any CPU
		{31E48393-7611-31E4-D2FC-440B38376510}.Release|Any CPU.ActiveCfg = Release|Any CPU
		{31E48393-7611-31E4-D2FC-440B38376510}.Release|Any CPU.Build.0 = Release|Any CPU
		{31E48393-7611-31E4-D2FC-440B38376510}.Release|x64.ActiveCfg = Release|Any CPU
		{31E48393-7611-31E4-D2FC-440B38376510}.Release|x64.Build.0 = Release|Any CPU
		{31E48393-7611-31E4-D2FC-440B38376510}.Release|x86.ActiveCfg = Release|Any CPU
		{31E48393-7611-31E4-D2FC-440B38376510}.Release|x86.Build.0 = Release|Any CPU
		{78CE5085-8F50-4E49-9221-703B1DD96613}.Debug|Any CPU.ActiveCfg = Debug|Any CPU
		{78CE5085-8F50-4E49-9221-703B1DD96613}.Debug|Any CPU.Build.0 = Debug|Any CPU
		{78CE5085-8F50-4E49-9221-703B1DD96613}.Debug|x64.ActiveCfg = Debug|Any CPU
		{78CE5085-8F50-4E49-9221-703B1DD96613}.Debug|x64.Build.0 = Debug|Any CPU
		{78CE5085-8F50-4E49-9221-703B1DD96613}.Debug|x86.ActiveCfg = Debug|Any CPU
		{78CE5085-8F50-4E49-9221-703B1DD96613}.Debug|x86.Build.0 = Debug|Any CPU
		{78CE5085-8F50-4E49-9221-703B1DD96613}.Release|Any CPU.ActiveCfg = Release|Any CPU
		{78CE5085-8F50-4E49-9221-703B1DD96613}.Release|Any CPU.Build.0 = Release|Any CPU
		{78CE5085-8F50-4E49-9221-703B1DD96613}.Release|x64.ActiveCfg = Release|Any CPU
		{78CE5085-8F50-4E49-9221-703B1DD96613}.Release|x64.Build.0 = Release|Any CPU
		{78CE5085-8F50-4E49-9221-703B1DD96613}.Release|x86.ActiveCfg = Release|Any CPU
		{78CE5085-8F50-4E49-9221-703B1DD96613}.Release|x86.Build.0 = Release|Any CPU
		{A46F9AF7-C7FD-4F4D-BCA0-F95B206F0780}.Debug|Any CPU.ActiveCfg = Debug|Any CPU
		{A46F9AF7-C7FD-4F4D-BCA0-F95B206F0780}.Debug|Any CPU.Build.0 = Debug|Any CPU
		{A46F9AF7-C7FD-4F4D-BCA0-F95B206F0780}.Debug|x64.ActiveCfg = Debug|Any CPU
		{A46F9AF7-C7FD-4F4D-BCA0-F95B206F0780}.Debug|x64.Build.0 = Debug|Any CPU
		{A46F9AF7-C7FD-4F4D-BCA0-F95B206F0780}.Debug|x86.ActiveCfg = Debug|Any CPU
		{A46F9AF7-C7FD-4F4D-BCA0-F95B206F0780}.Debug|x86.Build.0 = Debug|Any CPU
		{A46F9AF7-C7FD-4F4D-BCA0-F95B206F0780}.Release|Any CPU.ActiveCfg = Release|Any CPU
		{A46F9AF7-C7FD-4F4D-BCA0-F95B206F0780}.Release|Any CPU.Build.0 = Release|Any CPU
		{A46F9AF7-C7FD-4F4D-BCA0-F95B206F0780}.Release|x64.ActiveCfg = Release|Any CPU
		{A46F9AF7-C7FD-4F4D-BCA0-F95B206F0780}.Release|x64.Build.0 = Release|Any CPU
		{A46F9AF7-C7FD-4F4D-BCA0-F95B206F0780}.Release|x86.ActiveCfg = Release|Any CPU
		{A46F9AF7-C7FD-4F4D-BCA0-F95B206F0780}.Release|x86.Build.0 = Release|Any CPU
	EndGlobalSection
	GlobalSection(SolutionProperties) = preSolution
		HideSolutionNode = FALSE
	EndGlobalSection
	GlobalSection(ExtensibilityGlobals) = postSolution
		SolutionGuid = {C4211446-79DD-4F57-98C2-DF1591504049}
	EndGlobalSection
EndGlobal
